
Microsoft Visual Studio Solution File, Format Version 12.00
# Visual Studio Version 17
VisualStudioVersion = 17.7.34031.279
MinimumVisualStudioVersion = 10.0.40219.1
Project("{FAE04EC0-301F-11D3-BF4B-00C04F79EFBC}") = "CheckoutSubscribed", "CheckoutSubscribed\CheckoutSubscribed.csproj", "{FB02A409-6592-47DA-B36C-3224C7257F59}"
EndProject
Global
	GlobalSection(SolutionConfigurationPlatforms) = preSolution
		Debug|Any CPU = Debug|Any CPU
		Release|Any CPU = Release|Any CPU
	EndGlobalSection
	GlobalSection(ProjectConfigurationPlatforms) = postSolution
		{FB02A409-6592-47DA-B36C-3224C7257F59}.Debug|Any CPU.ActiveCfg = Debug|Any CPU
		{FB02A409-6592-47DA-B36C-3224C7257F59}.Debug|Any CPU.Build.0 = Debug|Any CPU
		{FB02A409-6592-47DA-B36C-3224C7257F59}.Release|Any CPU.ActiveCfg = Release|Any CPU
		{FB02A409-6592-47DA-B36C-3224C7257F59}.Release|Any CPU.Build.0 = Release|Any CPU
	EndGlobalSection
	GlobalSection(SolutionProperties) = preSolution
		HideSolutionNode = FALSE
	EndGlobalSection
	GlobalSection(ExtensibilityGlobals) = postSolution
		SolutionGuid = {CB105A9A-B58B-40BD-90ED-A316F397DCEE}
	EndGlobalSection
EndGlobal
